
Microsoft Visual Studio Solution File, Format Version 12.00
# Visual Studio Version 16
VisualStudioVersion = 16.0.28803.156
MinimumVisualStudioVersion = 10.0.40219.1
Project("{FAE04EC0-301F-11D3-BF4B-00C04F79EFBC}") = "OrderForm", "OrderForm\OrderForm.csproj", "{CF58992B-6823-4355-990E-BEF367E37A40}"
EndProject
Global
	GlobalSection(SolutionConfigurationPlatforms) = preSolution
		Debug|Any CPU = Debug|Any CPU
		Release|Any CPU = Release|Any CPU
	EndGlobalSection
	GlobalSection(ProjectConfigurationPlatforms) = postSolution
		{CF58992B-6823-4355-990E-BEF367E37A40}.Debug|Any CPU.ActiveCfg = Debug|Any CPU
		{CF58992B-6823-4355-990E-BEF367E37A40}.Debug|Any CPU.Build.0 = Debug|Any CPU
		{CF58992B-6823-4355-990E-BEF367E37A40}.Release|Any CPU.ActiveCfg = Release|Any CPU
		{CF58992B-6823-4355-990E-BEF367E37A40}.Release|Any CPU.Build.0 = Release|Any CPU
	EndGlobalSection
	GlobalSection(SolutionProperties) = preSolution
		HideSolutionNode = FALSE
	EndGlobalSection
	GlobalSection(ExtensibilityGlobals) = postSolution
		SolutionGuid = {F07FB066-EA4E-4A7F-9D1E-ED1EC42D6F16}
	EndGlobalSection
EndGlobal
